
Microsoft Visual Studio Solution File, Format Version 12.00
# Visual Studio Version 17
VisualStudioVersion = 17.6.33815.320
MinimumVisualStudioVersion = 10.0.40219.1
Project("{9A19103F-16F7-4668-BE54-9A1E7A4F7556}") = "CitiesManager.WebAPI", "CitiesManager.WebAPI\CitiesManager.WebAPI.csproj", "{6E7837D7-A6D0-4437-A66A-70224E7C18C5}"
EndProject
Project("{FAE04EC0-301F-11D3-BF4B-00C04F79EFBC}") = "CitiesManager.Core", "CitiesManager.Core\CitiesManager.Core.csproj", "{7A0F418A-3BBE-4882-979A-CBE3C2580262}"
EndProject
Project("{FAE04EC0-301F-11D3-BF4B-00C04F79EFBC}") = "CitiesManager.Infrastructure", "CitiesManager.Infrastructure\CitiesManager.Infrastructure.csproj", "{2FB0EBDF-EC1D-40B4-BC34-170AC4C0F620}"
EndProject
Global
	GlobalSection(SolutionConfigurationPlatforms) = preSolution
		Debug|Any CPU = Debug|Any CPU
		Release|Any CPU = Release|Any CPU
	EndGlobalSection
	GlobalSection(ProjectConfigurationPlatforms) = postSolution
		{6E7837D7-A6D0-4437-A66A-70224E7C18C5}.Debug|Any CPU.ActiveCfg = Debug|Any CPU
		{6E7837D7-A6D0-4437-A66A-70224E7C18C5}.Debug|Any CPU.Build.0 = Debug|Any CPU
		{6E7837D7-A6D0-4437-A66A-70224E7C18C5}.Release|Any CPU.ActiveCfg = Release|Any CPU
		{6E7837D7-A6D0-4437-A66A-70224E7C18C5}.Release|Any CPU.Build.0 = Release|Any CPU
		{7A0F418A-3BBE-4882-979A-CBE3C2580262}.Debug|Any CPU.ActiveCfg = Debug|Any CPU
		{7A0F418A-3BBE-4882-979A-CBE3C2580262}.Debug|Any CPU.Build.0 = Debug|Any CPU
		{7A0F418A-3BBE-4882-979A-CBE3C2580262}.Release|Any CPU.ActiveCfg = Release|Any CPU
		{7A0F418A-3BBE-4882-979A-CBE3C2580262}.Release|Any CPU.Build.0 = Release|Any CPU
		{2FB0EBDF-EC1D-40B4-BC34-170AC4C0F620}.Debug|Any CPU.ActiveCfg = Debug|Any CPU
		{2FB0EBDF-EC1D-40B4-BC34-170AC4C0F620}.Debug|Any CPU.Build.0 = Debug|Any CPU
		{2FB0EBDF-EC1D-40B4-BC34-170AC4C0F620}.Release|Any CPU.ActiveCfg = Release|Any CPU
		{2FB0EBDF-EC1D-40B4-BC34-170AC4C0F620}.Release|Any CPU.Build.0 = Release|Any CPU
	EndGlobalSection
	GlobalSection(SolutionProperties) = preSolution
		HideSolutionNode = FALSE
	EndGlobalSection
	GlobalSection(ExtensibilityGlobals) = postSolution
		SolutionGuid = {21EDD378-0D0E-4569-B897-BB69B880FD26}
	EndGlobalSection
EndGlobal
